<?xml version="1.0" encoding="utf-8"?>
<Project ToolsVersion="4.0" xmlns="http://schemas.microsoft.com/developer/msbuild/2003">
  <ItemGroup>
    <Filter Include="Source Files">
      <UniqueIdentifier>{4FC737F1-C7A5-4376-A066-2A32D752A2FF}</UniqueIdentifier>
      <Extensions>cpp;c;cc;cxx;def;odl;idl;hpj;bat;asm;asmx</Extensions>
    </Filter>
    <Filter Include="Header Files">
      <UniqueIdentifier>{93995380-89BD-4b04-88EB-625FBE52EBFB}</UniqueIdentifier>
      <Extensions>h;hpp;hxx;hm;inl;inc;xsd</Extensions>
    </Filter>
    <Filter Include="Resource Files">
      <UniqueIdentifier>{67DA6AB6-F800-4c08-8B7A-83BB121AAD01}</UniqueIdentifier>
      <Extensions>rc;ico;cur;bmp;dlg;rc2;rct;bin;rgs;gif;jpg;jpeg;jpe;resx;tiff;tif;png;wav;mfcribbon-ms</Extensions>
    </Filter>
  </ItemGroup>
  <ItemGroup>
    <ClCompile Include="source\MrsWatson.c">
      <Filter>Source Files</Filter>
    </ClCompile>
    <ClCompile Include="source\PlatformUtilities.c">
      <Filter>Source Files</Filter>
    </ClCompile>
    <ClCompile Include="source\Plugin.c">
      <Filter>Source Files</Filter>
    </ClCompile>
    <ClCompile Include="source\PluginChain.c">
      <Filter>Source Files</Filter>
    </ClCompile>
    <ClCompile Include="source\PluginPreset.c">
      <Filter>Source Files</Filter>
    </ClCompile>
    <ClCompile Include="source\PluginPresetFxp.c">
      <Filter>Source Files</Filter>
    </ClCompile>
    <ClCompile Include="source\ProgramOption.c">
      <Filter>Source Files</Filter>
    </ClCompile>
    <ClCompile Include="source\SampleBuffer.c">
      <Filter>Source Files</Filter>
    </ClCompile>
    <ClCompile Include="source\SampleSource.c">
      <Filter>Source Files</Filter>
    </ClCompile>
    <ClCompile Include="source\SampleSourceAiff.c">
      <Filter>Source Files</Filter>
    </ClCompile>
    <ClCompile Include="source\SampleSourceAudiofile.c">
      <Filter>Source Files</Filter>
    </ClCompile>
    <ClCompile Include="source\SampleSourcePcm.c">
      <Filter>Source Files</Filter>
    </ClCompile>
    <ClCompile Include="source\SampleSourceSilence.c">
      <Filter>Source Files</Filter>
    </ClCompile>
    <ClCompile Include="source\SampleSourceWave.c">
      <Filter>Source Files</Filter>
    </ClCompile>
    <ClCompile Include="source\StringUtilities.c">
      <Filter>Source Files</Filter>
    </ClCompile>
    <ClCompile Include="source\TaskTimer.c">
      <Filter>Source Files</Filter>
    </ClCompile>
    <ClCompile Include="source\AudioClock.c">
      <Filter>Source Files</Filter>
    </ClCompile>
    <ClCompile Include="source\AudioSettings.c">
      <Filter>Source Files</Filter>
    </ClCompile>
    <ClCompile Include="source\BuildInfo.c">
      <Filter>Source Files</Filter>
    </ClCompile>
    <ClCompile Include="source\CharString.c">
      <Filter>Source Files</Filter>
    </ClCompile>
    <ClCompile Include="source\EventLogger.c">
      <Filter>Source Files</Filter>
    </ClCompile>
    <ClCompile Include="source\LinkedList.c">
      <Filter>Source Files</Filter>
    </ClCompile>
    <ClCompile Include="source\MidiEvent.c">
      <Filter>Source Files</Filter>
    </ClCompile>
    <ClCompile Include="source\MidiSequence.c">
      <Filter>Source Files</Filter>
    </ClCompile>
    <ClCompile Include="source\MidiSource.c">
      <Filter>Source Files</Filter>
    </ClCompile>
    <ClCompile Include="source\MidiSourceFile.c">
      <Filter>Source Files</Filter>
    </ClCompile>
    <ClCompile Include="source\PluginVst2x.cpp">
      <Filter>Source Files</Filter>
    </ClCompile>
    <ClCompile Include="source\Vst2xHostCallback.cpp">
      <Filter>Source Files</Filter>
    </ClCompile>
  </ItemGroup>
  <ItemGroup>
    <ClInclude Include="source\EventLogger.h">
      <Filter>Header Files</Filter>
    </ClInclude>
    <ClInclude Include="source\LinkedList.h">
      <Filter>Header Files</Filter>
    </ClInclude>
    <ClInclude Include="source\MidiEvent.h">
      <Filter>Header Files</Filter>
    </ClInclude>
    <ClInclude Include="source\MidiSequence.h">
      <Filter>Header Files</Filter>
    </ClInclude>
    <ClInclude Include="source\MidiSource.h">
      <Filter>Header Files</Filter>
    </ClInclude>
    <ClInclude Include="source\MidiSourceFile.h">
      <Filter>Header Files</Filter>
    </ClInclude>
    <ClInclude Include="source\MrsWatson.h">
      <Filter>Header Files</Filter>
    </ClInclude>
    <ClInclude Include="source\PlatformUtilities.h">
      <Filter>Header Files</Filter>
    </ClInclude>
    <ClInclude Include="source\Plugin.h">
      <Filter>Header Files</Filter>
    </ClInclude>
    <ClInclude Include="source\PluginChain.h">
      <Filter>Header Files</Filter>
    </ClInclude>
    <ClInclude Include="source\PluginPreset.h">
      <Filter>Header Files</Filter>
    </ClInclude>
    <ClInclude Include="source\PluginPresetFxp.h">
      <Filter>Header Files</Filter>
    </ClInclude>
    <ClInclude Include="source\PluginVst2x.h">
      <Filter>Header Files</Filter>
    </ClInclude>
    <ClInclude Include="source\ProgramOption.h">
      <Filter>Header Files</Filter>
    </ClInclude>
    <ClInclude Include="source\SampleBuffer.h">
      <Filter>Header Files</Filter>
    </ClInclude>
    <ClInclude Include="source\SampleSource.h">
      <Filter>Header Files</Filter>
    </ClInclude>
    <ClInclude Include="source\SampleSourceAiff.h">
      <Filter>Header Files</Filter>
    </ClInclude>
    <ClInclude Include="source\SampleSourceAudiofile.h">
      <Filter>Header Files</Filter>
    </ClInclude>
    <ClInclude Include="source\SampleSourcePcm.h">
      <Filter>Header Files</Filter>
    </ClInclude>
    <ClInclude Include="source\SampleSourceSilence.h">
      <Filter>Header Files</Filter>
    </ClInclude>
    <ClInclude Include="source\SampleSourceWave.h">
      <Filter>Header Files</Filter>
    </ClInclude>
    <ClInclude Include="source\StringUtilities.h">
      <Filter>Header Files</Filter>
    </ClInclude>
    <ClInclude Include="source\TaskTimer.h">
      <Filter>Header Files</Filter>
    </ClInclude>
    <ClInclude Include="source\Types.h">
      <Filter>Header Files</Filter>
    </ClInclude>
    <ClInclude Include="source\AudioClock.h">
      <Filter>Header Files</Filter>
    </ClInclude>
    <ClInclude Include="source\AudioSettings.h">
      <Filter>Header Files</Filter>
    </ClInclude>
    <ClInclude Include="source\BuildInfo.h">
      <Filter>Header Files</Filter>
    </ClInclude>
    <ClInclude Include="source\CharString.h">
      <Filter>Header Files</Filter>
    </ClInclude>
  </ItemGroup>
</Project>