// !$*UTF8*$!
{
	archiveVersion = 1;
	classes = {
	};
	objectVersion = 46;
	objects = {

/* Begin PBXBuildFile section */
		246DEFE6160A51B2001E2BF8 /* PluginPassthru.c in Sources */ = {isa = PBXBuildFile; fileRef = 246DEFE4160A51B2001E2BF8 /* PluginPassthru.c */; };
		246DEFE7160A51B2001E2BF8 /* PluginPassthru.h in Headers */ = {isa = PBXBuildFile; fileRef = 246DEFE5160A51B2001E2BF8 /* PluginPassthru.h */; };
		246DEFED160A51DB001E2BF8 /* ApplicationTestSuite.c in Sources */ = {isa = PBXBuildFile; fileRef = 246DEFE9160A51DB001E2BF8 /* ApplicationTestSuite.c */; };
		246DEFEE160A51DB001E2BF8 /* InternalTestSuite.c in Sources */ = {isa = PBXBuildFile; fileRef = 246DEFEA160A51DB001E2BF8 /* InternalTestSuite.c */; };
		246DEFEF160A51DB001E2BF8 /* main.c in Sources */ = {isa = PBXBuildFile; fileRef = 246DEFEB160A51DB001E2BF8 /* main.c */; };
		24D59405160A5DC200B4B685 /* TestRunner.c in Sources */ = {isa = PBXBuildFile; fileRef = 24D59404160A5DC200B4B685 /* TestRunner.c */; };
		24DB478A15F640F50009F6F2 /* AnalysisClipping.c in Sources */ = {isa = PBXBuildFile; fileRef = 24DB478215F640F50009F6F2 /* AnalysisClipping.c */; };
		24DB478B15F640F50009F6F2 /* AnalysisDistortion.c in Sources */ = {isa = PBXBuildFile; fileRef = 24DB478415F640F50009F6F2 /* AnalysisDistortion.c */; };
		24DB478D15F640F50009F6F2 /* AnalysisSilence.c in Sources */ = {isa = PBXBuildFile; fileRef = 24DB478815F640F50009F6F2 /* AnalysisSilence.c */; };
		24DB479115F641730009F6F2 /* AnalyzeFile.c in Sources */ = {isa = PBXBuildFile; fileRef = 24DB478F15F641730009F6F2 /* AnalyzeFile.c */; };
		24EDB0C115F617DD00B0B8DF /* AudioClock.c in Sources */ = {isa = PBXBuildFile; fileRef = 24EDAF8215F46EB400B0B8DF /* AudioClock.c */; };
		24EDB0C215F617DD00B0B8DF /* AudioSettings.c in Sources */ = {isa = PBXBuildFile; fileRef = 24EDAF8415F46EB400B0B8DF /* AudioSettings.c */; };
		24EDB0C315F617DD00B0B8DF /* BuildInfo.c in Sources */ = {isa = PBXBuildFile; fileRef = 24EDAF8615F46EB400B0B8DF /* BuildInfo.c */; };
		24EDB0C415F617DD00B0B8DF /* CharString.c in Sources */ = {isa = PBXBuildFile; fileRef = 24EDAF8815F46EB400B0B8DF /* CharString.c */; };
		24EDB0C515F617DD00B0B8DF /* EventLogger.c in Sources */ = {isa = PBXBuildFile; fileRef = 24EDAF8A15F46EB400B0B8DF /* EventLogger.c */; };
		24EDB0C615F617DD00B0B8DF /* LinkedList.c in Sources */ = {isa = PBXBuildFile; fileRef = 24EDAF8C15F46EB400B0B8DF /* LinkedList.c */; };
		24EDB0C715F617DD00B0B8DF /* MidiEvent.c in Sources */ = {isa = PBXBuildFile; fileRef = 24EDAF9115F46EB400B0B8DF /* MidiEvent.c */; };
		24EDB0C815F617DD00B0B8DF /* MidiSequence.c in Sources */ = {isa = PBXBuildFile; fileRef = 24EDAF9315F46EB400B0B8DF /* MidiSequence.c */; };
		24EDB0C915F617DD00B0B8DF /* MidiSource.c in Sources */ = {isa = PBXBuildFile; fileRef = 24EDAF9515F46EB400B0B8DF /* MidiSource.c */; };
		24EDB0CA15F617DD00B0B8DF /* MidiSourceFile.c in Sources */ = {isa = PBXBuildFile; fileRef = 24EDAF9715F46EB400B0B8DF /* MidiSourceFile.c */; };
		24EDB0CB15F617DD00B0B8DF /* MrsWatson.c in Sources */ = {isa = PBXBuildFile; fileRef = 24EDAF9915F46EB400B0B8DF /* MrsWatson.c */; };
		24EDB0CC15F617DD00B0B8DF /* PlatformUtilities.c in Sources */ = {isa = PBXBuildFile; fileRef = 24EDAF9B15F46EB400B0B8DF /* PlatformUtilities.c */; };
		24EDB0CD15F617DD00B0B8DF /* Plugin.c in Sources */ = {isa = PBXBuildFile; fileRef = 24EDAF9D15F46EB400B0B8DF /* Plugin.c */; };
		24EDB0CE15F617DD00B0B8DF /* PluginChain.c in Sources */ = {isa = PBXBuildFile; fileRef = 24EDAF9F15F46EB400B0B8DF /* PluginChain.c */; };
		24EDB0CF15F617DD00B0B8DF /* PluginPreset.c in Sources */ = {isa = PBXBuildFile; fileRef = 24EDAFA115F46EB400B0B8DF /* PluginPreset.c */; };
		24EDB0D015F617DD00B0B8DF /* PluginPresetFxp.c in Sources */ = {isa = PBXBuildFile; fileRef = 24EDAFA315F46EB400B0B8DF /* PluginPresetFxp.c */; };
		24EDB0D115F617DD00B0B8DF /* PluginVst2x.cpp in Sources */ = {isa = PBXBuildFile; fileRef = 24EDAFA515F46EB400B0B8DF /* PluginVst2x.cpp */; };
		24EDB0D215F617DD00B0B8DF /* ProgramOption.c in Sources */ = {isa = PBXBuildFile; fileRef = 24EDAFA715F46EB400B0B8DF /* ProgramOption.c */; };
		24EDB0D315F617DD00B0B8DF /* RiffFile.c in Sources */ = {isa = PBXBuildFile; fileRef = 24EDAFA915F46EB400B0B8DF /* RiffFile.c */; };
		24EDB0D415F617DD00B0B8DF /* SampleBuffer.c in Sources */ = {isa = PBXBuildFile; fileRef = 24EDAFAB15F46EB400B0B8DF /* SampleBuffer.c */; };
		24EDB0D515F617DD00B0B8DF /* SampleSource.c in Sources */ = {isa = PBXBuildFile; fileRef = 24EDAFAD15F46EB400B0B8DF /* SampleSource.c */; };
		24EDB0D615F617DD00B0B8DF /* SampleSourceAiff.c in Sources */ = {isa = PBXBuildFile; fileRef = 24EDAFAF15F46EB400B0B8DF /* SampleSourceAiff.c */; };
		24EDB0D715F617DD00B0B8DF /* SampleSourceAudiofile.c in Sources */ = {isa = PBXBuildFile; fileRef = 24EDAFB115F46EB400B0B8DF /* SampleSourceAudiofile.c */; };
		24EDB0D815F617DD00B0B8DF /* SampleSourceFlac.c in Sources */ = {isa = PBXBuildFile; fileRef = 24EDAFB315F46EB400B0B8DF /* SampleSourceFlac.c */; };
		24EDB0D915F617DD00B0B8DF /* SampleSourceMp3.c in Sources */ = {isa = PBXBuildFile; fileRef = 24EDAFB515F46EB400B0B8DF /* SampleSourceMp3.c */; };
		24EDB0DA15F617DD00B0B8DF /* SampleSourceOgg.c in Sources */ = {isa = PBXBuildFile; fileRef = 24EDAFB715F46EB400B0B8DF /* SampleSourceOgg.c */; };
		24EDB0DB15F617DD00B0B8DF /* SampleSourcePcm.c in Sources */ = {isa = PBXBuildFile; fileRef = 24EDAFB915F46EB400B0B8DF /* SampleSourcePcm.c */; };
		24EDB0DC15F617DD00B0B8DF /* SampleSourceSilence.c in Sources */ = {isa = PBXBuildFile; fileRef = 24EDAFBB15F46EB400B0B8DF /* SampleSourceSilence.c */; };
		24EDB0DD15F617DD00B0B8DF /* SampleSourceWave.c in Sources */ = {isa = PBXBuildFile; fileRef = 24EDAFBD15F46EB400B0B8DF /* SampleSourceWave.c */; };
		24EDB0DE15F617DD00B0B8DF /* StringUtilities.c in Sources */ = {isa = PBXBuildFile; fileRef = 24EDAFBF15F46EB400B0B8DF /* StringUtilities.c */; };
		24EDB0DF15F617DD00B0B8DF /* TaskTimer.c in Sources */ = {isa = PBXBuildFile; fileRef = 24EDAFC115F46EB400B0B8DF /* TaskTimer.c */; };
		24EDB0E015F617DD00B0B8DF /* Vst2xHostCallback.cpp in Sources */ = {isa = PBXBuildFile; fileRef = 24EDAFC415F46EB400B0B8DF /* Vst2xHostCallback.cpp */; };
		24EDB10115F6185900B0B8DF /* ApplicationRunner.c in Sources */ = {isa = PBXBuildFile; fileRef = 1AA10ED6C7E7B8CFF8A48159 /* ApplicationRunner.c */; };
		24EDB10215F6185900B0B8DF /* AudioClockTest.c in Sources */ = {isa = PBXBuildFile; fileRef = 24EDB00715F46F0F00B0B8DF /* AudioClockTest.c */; };
		24EDB10315F6185900B0B8DF /* AudioSettingsTest.c in Sources */ = {isa = PBXBuildFile; fileRef = 24EDB00815F46F0F00B0B8DF /* AudioSettingsTest.c */; };
		24EDB10415F6185900B0B8DF /* CharStringTest.c in Sources */ = {isa = PBXBuildFile; fileRef = 24EDB00915F46F0F00B0B8DF /* CharStringTest.c */; };
		24EDB10515F6185900B0B8DF /* LinkedListTest.c in Sources */ = {isa = PBXBuildFile; fileRef = 24EDB00A15F46F0F00B0B8DF /* LinkedListTest.c */; };
		24EDB10615F6185900B0B8DF /* MidiSequenceTest.c in Sources */ = {isa = PBXBuildFile; fileRef = 24EDB00B15F46F0F00B0B8DF /* MidiSequenceTest.c */; };
		24EDB10715F6185900B0B8DF /* MidiSourceFileTest.c in Sources */ = {isa = PBXBuildFile; fileRef = 24EDB00C15F46F0F00B0B8DF /* MidiSourceFileTest.c */; };
		24EDB10815F6185900B0B8DF /* MidiSourceTest.c in Sources */ = {isa = PBXBuildFile; fileRef = 24EDB00D15F46F0F00B0B8DF /* MidiSourceTest.c */; };
		24EDB10A15F6185900B0B8DF /* PlatformUtilitiesTest.c in Sources */ = {isa = PBXBuildFile; fileRef = 24EDB00F15F46F0F00B0B8DF /* PlatformUtilitiesTest.c */; };
		24EDB10B15F6185900B0B8DF /* PluginChainTest.c in Sources */ = {isa = PBXBuildFile; fileRef = 24EDB01015F46F0F00B0B8DF /* PluginChainTest.c */; };
		24EDB10C15F6185900B0B8DF /* PluginPresetFxpTest.c in Sources */ = {isa = PBXBuildFile; fileRef = 24EDB01115F46F0F00B0B8DF /* PluginPresetFxpTest.c */; };
		24EDB10D15F6185900B0B8DF /* PluginPresetTest.c in Sources */ = {isa = PBXBuildFile; fileRef = 24EDB01215F46F0F00B0B8DF /* PluginPresetTest.c */; };
		24EDB10E15F6185900B0B8DF /* PluginTest.c in Sources */ = {isa = PBXBuildFile; fileRef = 24EDB01315F46F0F00B0B8DF /* PluginTest.c */; };
		24EDB10F15F6185900B0B8DF /* ProgramOptionTest.c in Sources */ = {isa = PBXBuildFile; fileRef = 24EDB01415F46F0F00B0B8DF /* ProgramOptionTest.c */; };
		24EDB11015F6185900B0B8DF /* SampleBufferTest.c in Sources */ = {isa = PBXBuildFile; fileRef = 24EDB01515F46F0F00B0B8DF /* SampleBufferTest.c */; };
		24EDB11315F6186800B0B8DF /* main.c in Sources */ = {isa = PBXBuildFile; fileRef = 24EDB06C15F5E7C800B0B8DF /* main.c */; };
		24EDB11415F6187F00B0B8DF /* libMrsWatson.a in Frameworks */ = {isa = PBXBuildFile; fileRef = 24EDB0BD15F6177C00B0B8DF /* libMrsWatson.a */; };
		24EDB11515F6188500B0B8DF /* libMrsWatson.a in Frameworks */ = {isa = PBXBuildFile; fileRef = 24EDB0BD15F6177C00B0B8DF /* libMrsWatson.a */; };
		24EDB11615F6189200B0B8DF /* Carbon.framework in Frameworks */ = {isa = PBXBuildFile; fileRef = 24CFD07A14B3736A005AF479 /* Carbon.framework */; };
		24EDB11715F6189E00B0B8DF /* Carbon.framework in Frameworks */ = {isa = PBXBuildFile; fileRef = 24CFD07A14B3736A005AF479 /* Carbon.framework */; };
		24EDB11B15F618C800B0B8DF /* SampleSourceTest.c in Sources */ = {isa = PBXBuildFile; fileRef = 24EDB01A15F46F0F00B0B8DF /* SampleSourceTest.c */; };
		24EDB11D15F618C800B0B8DF /* StringUtilitiesTest.c in Sources */ = {isa = PBXBuildFile; fileRef = 24EDB01C15F46F0F00B0B8DF /* StringUtilitiesTest.c */; };
		24EDB11E15F618C800B0B8DF /* TaskTimerTest.c in Sources */ = {isa = PBXBuildFile; fileRef = 24EDB01D15F46F0F00B0B8DF /* TaskTimerTest.c */; };
		24F1985D160DA31F00CBFF9E /* FileUtilities.c in Sources */ = {isa = PBXBuildFile; fileRef = 24F1985B160DA31F00CBFF9E /* FileUtilities.c */; };
		24F1985E160DA31F00CBFF9E /* FileUtilities.h in Headers */ = {isa = PBXBuildFile; fileRef = 24F1985C160DA31F00CBFF9E /* FileUtilities.h */; };
		24F198B1160DCEED00CBFF9E /* ErrorReporter.c in Sources */ = {isa = PBXBuildFile; fileRef = 24F198AF160DCEED00CBFF9E /* ErrorReporter.c */; };
		24F198B2160DCEED00CBFF9E /* ErrorReporter.h in Headers */ = {isa = PBXBuildFile; fileRef = 24F198B0160DCEED00CBFF9E /* ErrorReporter.h */; };
/* End PBXBuildFile section */

/* Begin PBXContainerItemProxy section */
		24EDB0EF15F617F300B0B8DF /* PBXContainerItemProxy */ = {
			isa = PBXContainerItemProxy;
			containerPortal = 24FDFBA1148CC6AF0074D3A1 /* Project object */;
			proxyType = 1;
			remoteGlobalIDString = 24EDB0BC15F6177C00B0B8DF;
			remoteInfo = libMrsWatson;
		};
		24EDB0FF15F6184000B0B8DF /* PBXContainerItemProxy */ = {
			isa = PBXContainerItemProxy;
			containerPortal = 24FDFBA1148CC6AF0074D3A1 /* Project object */;
			proxyType = 1;
			remoteGlobalIDString = 24EDB0BC15F6177C00B0B8DF;
			remoteInfo = libMrsWatson;
		};
/* End PBXContainerItemProxy section */

/* Begin PBXCopyFilesBuildPhase section */
		24EDB0E315F617EC00B0B8DF /* CopyFiles */ = {
			isa = PBXCopyFilesBuildPhase;
			buildActionMask = 2147483647;
			dstPath = /usr/share/man/man1/;
			dstSubfolderSpec = 0;
			files = (
			);
			runOnlyForDeploymentPostprocessing = 1;
		};
		24EDB0F315F6182C00B0B8DF /* CopyFiles */ = {
			isa = PBXCopyFilesBuildPhase;
			buildActionMask = 2147483647;
			dstPath = /usr/share/man/man1/;
			dstSubfolderSpec = 0;
			files = (
			);
			runOnlyForDeploymentPostprocessing = 1;
		};
/* End PBXCopyFilesBuildPhase section */

/* Begin PBXFileReference section */
		1AA104785CFF2916EDE09588 /* ApplicationRunner.h */ = {isa = PBXFileReference; fileEncoding = 4; lastKnownFileType = sourcecode.c.h; name = ApplicationRunner.h; path = ../test/ApplicationRunner.h; sourceTree = "<group>"; };
		1AA10ED6C7E7B8CFF8A48159 /* ApplicationRunner.c */ = {isa = PBXFileReference; fileEncoding = 4; lastKnownFileType = sourcecode.c.c; name = ApplicationRunner.c; path = ../test/ApplicationRunner.c; sourceTree = "<group>"; };
		2465A2CE14B3152100F94E84 /* aeffect.h */ = {isa = PBXFileReference; fileEncoding = 4; lastKnownFileType = sourcecode.c.h; path = aeffect.h; sourceTree = "<group>"; };
		2465A2CF14B3152100F94E84 /* aeffectx.h */ = {isa = PBXFileReference; fileEncoding = 4; lastKnownFileType = sourcecode.c.h; path = aeffectx.h; sourceTree = "<group>"; };
		2465A2D014B3152100F94E84 /* vstfxstore.h */ = {isa = PBXFileReference; fileEncoding = 4; lastKnownFileType = sourcecode.c.h; path = vstfxstore.h; sourceTree = "<group>"; };
		246DEFE4160A51B2001E2BF8 /* PluginPassthru.c */ = {isa = PBXFileReference; fileEncoding = 4; lastKnownFileType = sourcecode.c.c; path = PluginPassthru.c; sourceTree = "<group>"; };
		246DEFE5160A51B2001E2BF8 /* PluginPassthru.h */ = {isa = PBXFileReference; fileEncoding = 4; lastKnownFileType = sourcecode.c.h; path = PluginPassthru.h; sourceTree = "<group>"; };
		246DEFE9160A51DB001E2BF8 /* ApplicationTestSuite.c */ = {isa = PBXFileReference; fileEncoding = 4; lastKnownFileType = sourcecode.c.c; path = ApplicationTestSuite.c; sourceTree = "<group>"; };
		246DEFEA160A51DB001E2BF8 /* InternalTestSuite.c */ = {isa = PBXFileReference; fileEncoding = 4; lastKnownFileType = sourcecode.c.c; path = InternalTestSuite.c; sourceTree = "<group>"; };
		246DEFEB160A51DB001E2BF8 /* main.c */ = {isa = PBXFileReference; fileEncoding = 4; lastKnownFileType = sourcecode.c.c; path = main.c; sourceTree = "<group>"; };
		246DEFEC160A51DB001E2BF8 /* main.h */ = {isa = PBXFileReference; fileEncoding = 4; lastKnownFileType = sourcecode.c.h; path = main.h; sourceTree = "<group>"; };
		24CFD07A14B3736A005AF479 /* Carbon.framework */ = {isa = PBXFileReference; lastKnownFileType = wrapper.framework; name = Carbon.framework; path = System/Library/Frameworks/Carbon.framework; sourceTree = SDKROOT; };
		24D59404160A5DC200B4B685 /* TestRunner.c */ = {isa = PBXFileReference; fileEncoding = 4; lastKnownFileType = sourcecode.c.c; path = TestRunner.c; sourceTree = "<group>"; };
		24DB478215F640F50009F6F2 /* AnalysisClipping.c */ = {isa = PBXFileReference; fileEncoding = 4; lastKnownFileType = sourcecode.c.c; path = AnalysisClipping.c; sourceTree = "<group>"; };
		24DB478315F640F50009F6F2 /* AnalysisClipping.h */ = {isa = PBXFileReference; fileEncoding = 4; lastKnownFileType = sourcecode.c.h; path = AnalysisClipping.h; sourceTree = "<group>"; };
		24DB478415F640F50009F6F2 /* AnalysisDistortion.c */ = {isa = PBXFileReference; fileEncoding = 4; lastKnownFileType = sourcecode.c.c; path = AnalysisDistortion.c; sourceTree = "<group>"; };
		24DB478515F640F50009F6F2 /* AnalysisDistortion.h */ = {isa = PBXFileReference; fileEncoding = 4; lastKnownFileType = sourcecode.c.h; path = AnalysisDistortion.h; sourceTree = "<group>"; };
		24DB478815F640F50009F6F2 /* AnalysisSilence.c */ = {isa = PBXFileReference; fileEncoding = 4; lastKnownFileType = sourcecode.c.c; path = AnalysisSilence.c; sourceTree = "<group>"; };
		24DB478915F640F50009F6F2 /* AnalysisSilence.h */ = {isa = PBXFileReference; fileEncoding = 4; lastKnownFileType = sourcecode.c.h; path = AnalysisSilence.h; sourceTree = "<group>"; };
		24DB478F15F641730009F6F2 /* AnalyzeFile.c */ = {isa = PBXFileReference; fileEncoding = 4; lastKnownFileType = sourcecode.c.c; path = AnalyzeFile.c; sourceTree = "<group>"; };
		24DB479015F641730009F6F2 /* AnalyzeFile.h */ = {isa = PBXFileReference; fileEncoding = 4; lastKnownFileType = sourcecode.c.h; path = AnalyzeFile.h; sourceTree = "<group>"; };
		24E3207914CC14B900DA6589 /* libaudiofile.a */ = {isa = PBXFileReference; lastKnownFileType = archive.ar; name = libaudiofile.a; path = libs/mac/libaudiofile.a; sourceTree = "<group>"; };
		24E3207B14CC18CB00DA6589 /* audiofile.h */ = {isa = PBXFileReference; fileEncoding = 4; lastKnownFileType = sourcecode.c.h; path = audiofile.h; sourceTree = "<group>"; };
		24EDAF8215F46EB400B0B8DF /* AudioClock.c */ = {isa = PBXFileReference; fileEncoding = 4; lastKnownFileType = sourcecode.c.c; path = AudioClock.c; sourceTree = "<group>"; };
		24EDAF8315F46EB400B0B8DF /* AudioClock.h */ = {isa = PBXFileReference; fileEncoding = 4; lastKnownFileType = sourcecode.c.h; path = AudioClock.h; sourceTree = "<group>"; };
		24EDAF8415F46EB400B0B8DF /* AudioSettings.c */ = {isa = PBXFileReference; fileEncoding = 4; lastKnownFileType = sourcecode.c.c; path = AudioSettings.c; sourceTree = "<group>"; };
		24EDAF8515F46EB400B0B8DF /* AudioSettings.h */ = {isa = PBXFileReference; fileEncoding = 4; lastKnownFileType = sourcecode.c.h; path = AudioSettings.h; sourceTree = "<group>"; };
		24EDAF8615F46EB400B0B8DF /* BuildInfo.c */ = {isa = PBXFileReference; fileEncoding = 4; lastKnownFileType = sourcecode.c.c; path = BuildInfo.c; sourceTree = "<group>"; };
		24EDAF8715F46EB400B0B8DF /* BuildInfo.h */ = {isa = PBXFileReference; fileEncoding = 4; lastKnownFileType = sourcecode.c.h; path = BuildInfo.h; sourceTree = "<group>"; };
		24EDAF8815F46EB400B0B8DF /* CharString.c */ = {isa = PBXFileReference; fileEncoding = 4; lastKnownFileType = sourcecode.c.c; path = CharString.c; sourceTree = "<group>"; };
		24EDAF8915F46EB400B0B8DF /* CharString.h */ = {isa = PBXFileReference; fileEncoding = 4; lastKnownFileType = sourcecode.c.h; path = CharString.h; sourceTree = "<group>"; };
		24EDAF8A15F46EB400B0B8DF /* EventLogger.c */ = {isa = PBXFileReference; fileEncoding = 4; lastKnownFileType = sourcecode.c.c; path = EventLogger.c; sourceTree = "<group>"; };
		24EDAF8B15F46EB400B0B8DF /* EventLogger.h */ = {isa = PBXFileReference; fileEncoding = 4; lastKnownFileType = sourcecode.c.h; path = EventLogger.h; sourceTree = "<group>"; };
		24EDAF8C15F46EB400B0B8DF /* LinkedList.c */ = {isa = PBXFileReference; fileEncoding = 4; lastKnownFileType = sourcecode.c.c; path = LinkedList.c; sourceTree = "<group>"; };
		24EDAF8D15F46EB400B0B8DF /* LinkedList.h */ = {isa = PBXFileReference; fileEncoding = 4; lastKnownFileType = sourcecode.c.h; path = LinkedList.h; sourceTree = "<group>"; };
		24EDAF9115F46EB400B0B8DF /* MidiEvent.c */ = {isa = PBXFileReference; fileEncoding = 4; lastKnownFileType = sourcecode.c.c; path = MidiEvent.c; sourceTree = "<group>"; };
		24EDAF9215F46EB400B0B8DF /* MidiEvent.h */ = {isa = PBXFileReference; fileEncoding = 4; lastKnownFileType = sourcecode.c.h; path = MidiEvent.h; sourceTree = "<group>"; };
		24EDAF9315F46EB400B0B8DF /* MidiSequence.c */ = {isa = PBXFileReference; fileEncoding = 4; lastKnownFileType = sourcecode.c.c; path = MidiSequence.c; sourceTree = "<group>"; };
		24EDAF9415F46EB400B0B8DF /* MidiSequence.h */ = {isa = PBXFileReference; fileEncoding = 4; lastKnownFileType = sourcecode.c.h; path = MidiSequence.h; sourceTree = "<group>"; };
		24EDAF9515F46EB400B0B8DF /* MidiSource.c */ = {isa = PBXFileReference; fileEncoding = 4; lastKnownFileType = sourcecode.c.c; path = MidiSource.c; sourceTree = "<group>"; };
		24EDAF9615F46EB400B0B8DF /* MidiSource.h */ = {isa = PBXFileReference; fileEncoding = 4; lastKnownFileType = sourcecode.c.h; path = MidiSource.h; sourceTree = "<group>"; };
		24EDAF9715F46EB400B0B8DF /* MidiSourceFile.c */ = {isa = PBXFileReference; fileEncoding = 4; lastKnownFileType = sourcecode.c.c; path = MidiSourceFile.c; sourceTree = "<group>"; };
		24EDAF9815F46EB400B0B8DF /* MidiSourceFile.h */ = {isa = PBXFileReference; fileEncoding = 4; lastKnownFileType = sourcecode.c.h; path = MidiSourceFile.h; sourceTree = "<group>"; };
		24EDAF9915F46EB400B0B8DF /* MrsWatson.c */ = {isa = PBXFileReference; fileEncoding = 4; lastKnownFileType = sourcecode.c.c; path = MrsWatson.c; sourceTree = "<group>"; };
		24EDAF9A15F46EB400B0B8DF /* MrsWatson.h */ = {isa = PBXFileReference; fileEncoding = 4; lastKnownFileType = sourcecode.c.h; path = MrsWatson.h; sourceTree = "<group>"; };
		24EDAF9B15F46EB400B0B8DF /* PlatformUtilities.c */ = {isa = PBXFileReference; fileEncoding = 4; lastKnownFileType = sourcecode.c.c; path = PlatformUtilities.c; sourceTree = "<group>"; };
		24EDAF9C15F46EB400B0B8DF /* PlatformUtilities.h */ = {isa = PBXFileReference; fileEncoding = 4; lastKnownFileType = sourcecode.c.h; path = PlatformUtilities.h; sourceTree = "<group>"; };
		24EDAF9D15F46EB400B0B8DF /* Plugin.c */ = {isa = PBXFileReference; fileEncoding = 4; lastKnownFileType = sourcecode.c.c; path = Plugin.c; sourceTree = "<group>"; };
		24EDAF9E15F46EB400B0B8DF /* Plugin.h */ = {isa = PBXFileReference; fileEncoding = 4; lastKnownFileType = sourcecode.c.h; path = Plugin.h; sourceTree = "<group>"; };
		24EDAF9F15F46EB400B0B8DF /* PluginChain.c */ = {isa = PBXFileReference; fileEncoding = 4; lastKnownFileType = sourcecode.c.c; path = PluginChain.c; sourceTree = "<group>"; };
		24EDAFA015F46EB400B0B8DF /* PluginChain.h */ = {isa = PBXFileReference; fileEncoding = 4; lastKnownFileType = sourcecode.c.h; path = PluginChain.h; sourceTree = "<group>"; };
		24EDAFA115F46EB400B0B8DF /* PluginPreset.c */ = {isa = PBXFileReference; fileEncoding = 4; lastKnownFileType = sourcecode.c.c; path = PluginPreset.c; sourceTree = "<group>"; };
		24EDAFA215F46EB400B0B8DF /* PluginPreset.h */ = {isa = PBXFileReference; fileEncoding = 4; lastKnownFileType = sourcecode.c.h; path = PluginPreset.h; sourceTree = "<group>"; };
		24EDAFA315F46EB400B0B8DF /* PluginPresetFxp.c */ = {isa = PBXFileReference; fileEncoding = 4; lastKnownFileType = sourcecode.c.c; path = PluginPresetFxp.c; sourceTree = "<group>"; };
		24EDAFA415F46EB400B0B8DF /* PluginPresetFxp.h */ = {isa = PBXFileReference; fileEncoding = 4; lastKnownFileType = sourcecode.c.h; path = PluginPresetFxp.h; sourceTree = "<group>"; };
		24EDAFA515F46EB400B0B8DF /* PluginVst2x.cpp */ = {isa = PBXFileReference; fileEncoding = 4; lastKnownFileType = sourcecode.cpp.cpp; path = PluginVst2x.cpp; sourceTree = "<group>"; };
		24EDAFA615F46EB400B0B8DF /* PluginVst2x.h */ = {isa = PBXFileReference; fileEncoding = 4; lastKnownFileType = sourcecode.c.h; path = PluginVst2x.h; sourceTree = "<group>"; };
		24EDAFA715F46EB400B0B8DF /* ProgramOption.c */ = {isa = PBXFileReference; fileEncoding = 4; lastKnownFileType = sourcecode.c.c; path = ProgramOption.c; sourceTree = "<group>"; };
		24EDAFA815F46EB400B0B8DF /* ProgramOption.h */ = {isa = PBXFileReference; fileEncoding = 4; lastKnownFileType = sourcecode.c.h; path = ProgramOption.h; sourceTree = "<group>"; };
		24EDAFA915F46EB400B0B8DF /* RiffFile.c */ = {isa = PBXFileReference; fileEncoding = 4; lastKnownFileType = sourcecode.c.c; path = RiffFile.c; sourceTree = "<group>"; };
		24EDAFAA15F46EB400B0B8DF /* RiffFile.h */ = {isa = PBXFileReference; fileEncoding = 4; lastKnownFileType = sourcecode.c.h; path = RiffFile.h; sourceTree = "<group>"; };
		24EDAFAB15F46EB400B0B8DF /* SampleBuffer.c */ = {isa = PBXFileReference; fileEncoding = 4; lastKnownFileType = sourcecode.c.c; path = SampleBuffer.c; sourceTree = "<group>"; };
		24EDAFAC15F46EB400B0B8DF /* SampleBuffer.h */ = {isa = PBXFileReference; fileEncoding = 4; lastKnownFileType = sourcecode.c.h; path = SampleBuffer.h; sourceTree = "<group>"; };
		24EDAFAD15F46EB400B0B8DF /* SampleSource.c */ = {isa = PBXFileReference; fileEncoding = 4; lastKnownFileType = sourcecode.c.c; path = SampleSource.c; sourceTree = "<group>"; };
		24EDAFAE15F46EB400B0B8DF /* SampleSource.h */ = {isa = PBXFileReference; fileEncoding = 4; lastKnownFileType = sourcecode.c.h; path = SampleSource.h; sourceTree = "<group>"; };
		24EDAFAF15F46EB400B0B8DF /* SampleSourceAiff.c */ = {isa = PBXFileReference; fileEncoding = 4; lastKnownFileType = sourcecode.c.c; path = SampleSourceAiff.c; sourceTree = "<group>"; };
		24EDAFB015F46EB400B0B8DF /* SampleSourceAiff.h */ = {isa = PBXFileReference; fileEncoding = 4; lastKnownFileType = sourcecode.c.h; path = SampleSourceAiff.h; sourceTree = "<group>"; };
		24EDAFB115F46EB400B0B8DF /* SampleSourceAudiofile.c */ = {isa = PBXFileReference; fileEncoding = 4; lastKnownFileType = sourcecode.c.c; path = SampleSourceAudiofile.c; sourceTree = "<group>"; };
		24EDAFB215F46EB400B0B8DF /* SampleSourceAudiofile.h */ = {isa = PBXFileReference; fileEncoding = 4; lastKnownFileType = sourcecode.c.h; path = SampleSourceAudiofile.h; sourceTree = "<group>"; };
		24EDAFB315F46EB400B0B8DF /* SampleSourceFlac.c */ = {isa = PBXFileReference; fileEncoding = 4; lastKnownFileType = sourcecode.c.c; path = SampleSourceFlac.c; sourceTree = "<group>"; };
		24EDAFB415F46EB400B0B8DF /* SampleSourceFlac.h */ = {isa = PBXFileReference; fileEncoding = 4; lastKnownFileType = sourcecode.c.h; path = SampleSourceFlac.h; sourceTree = "<group>"; };
		24EDAFB515F46EB400B0B8DF /* SampleSourceMp3.c */ = {isa = PBXFileReference; fileEncoding = 4; lastKnownFileType = sourcecode.c.c; path = SampleSourceMp3.c; sourceTree = "<group>"; };
		24EDAFB615F46EB400B0B8DF /* SampleSourceMp3.h */ = {isa = PBXFileReference; fileEncoding = 4; lastKnownFileType = sourcecode.c.h; path = SampleSourceMp3.h; sourceTree = "<group>"; };
		24EDAFB715F46EB400B0B8DF /* SampleSourceOgg.c */ = {isa = PBXFileReference; fileEncoding = 4; lastKnownFileType = sourcecode.c.c; path = SampleSourceOgg.c; sourceTree = "<group>"; };
		24EDAFB815F46EB400B0B8DF /* SampleSourceOgg.h */ = {isa = PBXFileReference; fileEncoding = 4; lastKnownFileType = sourcecode.c.h; path = SampleSourceOgg.h; sourceTree = "<group>"; };
		24EDAFB915F46EB400B0B8DF /* SampleSourcePcm.c */ = {isa = PBXFileReference; fileEncoding = 4; lastKnownFileType = sourcecode.c.c; path = SampleSourcePcm.c; sourceTree = "<group>"; };
		24EDAFBA15F46EB400B0B8DF /* SampleSourcePcm.h */ = {isa = PBXFileReference; fileEncoding = 4; lastKnownFileType = sourcecode.c.h; path = SampleSourcePcm.h; sourceTree = "<group>"; };
		24EDAFBB15F46EB400B0B8DF /* SampleSourceSilence.c */ = {isa = PBXFileReference; fileEncoding = 4; lastKnownFileType = sourcecode.c.c; path = SampleSourceSilence.c; sourceTree = "<group>"; };
		24EDAFBC15F46EB400B0B8DF /* SampleSourceSilence.h */ = {isa = PBXFileReference; fileEncoding = 4; lastKnownFileType = sourcecode.c.h; path = SampleSourceSilence.h; sourceTree = "<group>"; };
		24EDAFBD15F46EB400B0B8DF /* SampleSourceWave.c */ = {isa = PBXFileReference; fileEncoding = 4; lastKnownFileType = sourcecode.c.c; path = SampleSourceWave.c; sourceTree = "<group>"; };
		24EDAFBE15F46EB400B0B8DF /* SampleSourceWave.h */ = {isa = PBXFileReference; fileEncoding = 4; lastKnownFileType = sourcecode.c.h; path = SampleSourceWave.h; sourceTree = "<group>"; };
		24EDAFBF15F46EB400B0B8DF /* StringUtilities.c */ = {isa = PBXFileReference; fileEncoding = 4; lastKnownFileType = sourcecode.c.c; path = StringUtilities.c; sourceTree = "<group>"; };
		24EDAFC015F46EB400B0B8DF /* StringUtilities.h */ = {isa = PBXFileReference; fileEncoding = 4; lastKnownFileType = sourcecode.c.h; path = StringUtilities.h; sourceTree = "<group>"; };
		24EDAFC115F46EB400B0B8DF /* TaskTimer.c */ = {isa = PBXFileReference; fileEncoding = 4; lastKnownFileType = sourcecode.c.c; path = TaskTimer.c; sourceTree = "<group>"; };
		24EDAFC215F46EB400B0B8DF /* TaskTimer.h */ = {isa = PBXFileReference; fileEncoding = 4; lastKnownFileType = sourcecode.c.h; path = TaskTimer.h; sourceTree = "<group>"; };
		24EDAFC315F46EB400B0B8DF /* Types.h */ = {isa = PBXFileReference; fileEncoding = 4; lastKnownFileType = sourcecode.c.h; path = Types.h; sourceTree = "<group>"; };
		24EDAFC415F46EB400B0B8DF /* Vst2xHostCallback.cpp */ = {isa = PBXFileReference; fileEncoding = 4; lastKnownFileType = sourcecode.cpp.cpp; path = Vst2xHostCallback.cpp; sourceTree = "<group>"; };
		24EDB00715F46F0F00B0B8DF /* AudioClockTest.c */ = {isa = PBXFileReference; fileEncoding = 4; lastKnownFileType = sourcecode.c.c; path = AudioClockTest.c; sourceTree = "<group>"; };
		24EDB00815F46F0F00B0B8DF /* AudioSettingsTest.c */ = {isa = PBXFileReference; fileEncoding = 4; lastKnownFileType = sourcecode.c.c; path = AudioSettingsTest.c; sourceTree = "<group>"; };
		24EDB00915F46F0F00B0B8DF /* CharStringTest.c */ = {isa = PBXFileReference; fileEncoding = 4; lastKnownFileType = sourcecode.c.c; path = CharStringTest.c; sourceTree = "<group>"; };
		24EDB00A15F46F0F00B0B8DF /* LinkedListTest.c */ = {isa = PBXFileReference; fileEncoding = 4; lastKnownFileType = sourcecode.c.c; path = LinkedListTest.c; sourceTree = "<group>"; };
		24EDB00B15F46F0F00B0B8DF /* MidiSequenceTest.c */ = {isa = PBXFileReference; fileEncoding = 4; lastKnownFileType = sourcecode.c.c; path = MidiSequenceTest.c; sourceTree = "<group>"; };
		24EDB00C15F46F0F00B0B8DF /* MidiSourceFileTest.c */ = {isa = PBXFileReference; fileEncoding = 4; lastKnownFileType = sourcecode.c.c; path = MidiSourceFileTest.c; sourceTree = "<group>"; };
		24EDB00D15F46F0F00B0B8DF /* MidiSourceTest.c */ = {isa = PBXFileReference; fileEncoding = 4; lastKnownFileType = sourcecode.c.c; path = MidiSourceTest.c; sourceTree = "<group>"; };
		24EDB00F15F46F0F00B0B8DF /* PlatformUtilitiesTest.c */ = {isa = PBXFileReference; fileEncoding = 4; lastKnownFileType = sourcecode.c.c; path = PlatformUtilitiesTest.c; sourceTree = "<group>"; };
		24EDB01015F46F0F00B0B8DF /* PluginChainTest.c */ = {isa = PBXFileReference; fileEncoding = 4; lastKnownFileType = sourcecode.c.c; path = PluginChainTest.c; sourceTree = "<group>"; };
		24EDB01115F46F0F00B0B8DF /* PluginPresetFxpTest.c */ = {isa = PBXFileReference; fileEncoding = 4; lastKnownFileType = sourcecode.c.c; path = PluginPresetFxpTest.c; sourceTree = "<group>"; };
		24EDB01215F46F0F00B0B8DF /* PluginPresetTest.c */ = {isa = PBXFileReference; fileEncoding = 4; lastKnownFileType = sourcecode.c.c; path = PluginPresetTest.c; sourceTree = "<group>"; };
		24EDB01315F46F0F00B0B8DF /* PluginTest.c */ = {isa = PBXFileReference; fileEncoding = 4; lastKnownFileType = sourcecode.c.c; path = PluginTest.c; sourceTree = "<group>"; };
		24EDB01415F46F0F00B0B8DF /* ProgramOptionTest.c */ = {isa = PBXFileReference; fileEncoding = 4; lastKnownFileType = sourcecode.c.c; path = ProgramOptionTest.c; sourceTree = "<group>"; };
		24EDB01515F46F0F00B0B8DF /* SampleBufferTest.c */ = {isa = PBXFileReference; fileEncoding = 4; lastKnownFileType = sourcecode.c.c; path = SampleBufferTest.c; sourceTree = "<group>"; };
		24EDB01A15F46F0F00B0B8DF /* SampleSourceTest.c */ = {isa = PBXFileReference; fileEncoding = 4; lastKnownFileType = sourcecode.c.c; path = SampleSourceTest.c; sourceTree = "<group>"; };
		24EDB01C15F46F0F00B0B8DF /* StringUtilitiesTest.c */ = {isa = PBXFileReference; fileEncoding = 4; lastKnownFileType = sourcecode.c.c; path = StringUtilitiesTest.c; sourceTree = "<group>"; };
		24EDB01D15F46F0F00B0B8DF /* TaskTimerTest.c */ = {isa = PBXFileReference; fileEncoding = 4; lastKnownFileType = sourcecode.c.c; path = TaskTimerTest.c; sourceTree = "<group>"; };
		24EDB01E15F46F0F00B0B8DF /* TestRunner.h */ = {isa = PBXFileReference; fileEncoding = 4; lastKnownFileType = sourcecode.c.h; path = TestRunner.h; sourceTree = "<group>"; };
		24EDB06C15F5E7C800B0B8DF /* main.c */ = {isa = PBXFileReference; fileEncoding = 4; lastKnownFileType = sourcecode.c.c; name = main.c; path = ../../main/main.c; sourceTree = "<group>"; };
		24EDB0BD15F6177C00B0B8DF /* libMrsWatson.a */ = {isa = PBXFileReference; explicitFileType = archive.ar; includeInIndex = 0; path = libMrsWatson.a; sourceTree = BUILT_PRODUCTS_DIR; };
		24EDB0E515F617EC00B0B8DF /* MrsWatson */ = {isa = PBXFileReference; explicitFileType = "compiled.mach-o.executable"; includeInIndex = 0; path = MrsWatson; sourceTree = BUILT_PRODUCTS_DIR; };
		24EDB0F515F6182C00B0B8DF /* MrsWatsonTest */ = {isa = PBXFileReference; explicitFileType = "compiled.mach-o.executable"; includeInIndex = 0; path = MrsWatsonTest; sourceTree = BUILT_PRODUCTS_DIR; };
		24F1985B160DA31F00CBFF9E /* FileUtilities.c */ = {isa = PBXFileReference; fileEncoding = 4; lastKnownFileType = sourcecode.c.c; path = FileUtilities.c; sourceTree = "<group>"; };
		24F1985C160DA31F00CBFF9E /* FileUtilities.h */ = {isa = PBXFileReference; fileEncoding = 4; lastKnownFileType = sourcecode.c.h; path = FileUtilities.h; sourceTree = "<group>"; };
		24F198AF160DCEED00CBFF9E /* ErrorReporter.c */ = {isa = PBXFileReference; fileEncoding = 4; lastKnownFileType = sourcecode.c.c; path = ErrorReporter.c; sourceTree = "<group>"; };
		24F198B0160DCEED00CBFF9E /* ErrorReporter.h */ = {isa = PBXFileReference; fileEncoding = 4; lastKnownFileType = sourcecode.c.h; path = ErrorReporter.h; sourceTree = "<group>"; };
/* End PBXFileReference section */

/* Begin PBXFrameworksBuildPhase section */
		24EDB0BA15F6177C00B0B8DF /* Frameworks */ = {
			isa = PBXFrameworksBuildPhase;
			buildActionMask = 2147483647;
			files = (
			);
			runOnlyForDeploymentPostprocessing = 0;
		};
		24EDB0E215F617EC00B0B8DF /* Frameworks */ = {
			isa = PBXFrameworksBuildPhase;
			buildActionMask = 2147483647;
			files = (
				24EDB11715F6189E00B0B8DF /* Carbon.framework in Frameworks */,
				24EDB11415F6187F00B0B8DF /* libMrsWatson.a in Frameworks */,
			);
			runOnlyForDeploymentPostprocessing = 0;
		};
		24EDB0F215F6182C00B0B8DF /* Frameworks */ = {
			isa = PBXFrameworksBuildPhase;
			buildActionMask = 2147483647;
			files = (
				24EDB11615F6189200B0B8DF /* Carbon.framework in Frameworks */,
				24EDB11515F6188500B0B8DF /* libMrsWatson.a in Frameworks */,
			);
			runOnlyForDeploymentPostprocessing = 0;
		};
/* End PBXFrameworksBuildPhase section */

/* Begin PBXGroup section */
		2465A2CB14B3145F00F94E84 /* Vendor */ = {
			isa = PBXGroup;
			children = (
				24667E0C14CAD1B80065FA1D /* audiofile */,
				2465A2CD14B3152100F94E84 /* VST2.4 */,
			);
			name = Vendor;
			sourceTree = "<group>";
		};
		2465A2CD14B3152100F94E84 /* VST2.4 */ = {
			isa = PBXGroup;
			children = (
				2465A2CE14B3152100F94E84 /* aeffect.h */,
				2465A2CF14B3152100F94E84 /* aeffectx.h */,
				2465A2D014B3152100F94E84 /* vstfxstore.h */,
			);
			name = VST2.4;
			path = ../../vendor/vstsdk2.4/pluginterfaces/vst2.x;
			sourceTree = "<group>";
		};
		24667E0C14CAD1B80065FA1D /* audiofile */ = {
			isa = PBXGroup;
			children = (
				24E3207B14CC18CB00DA6589 /* audiofile.h */,
			);
			name = audiofile;
			path = "../../vendor/audiofile-0.3.3/libaudiofile";
			sourceTree = "<group>";
		};
		24667E1014CAD1FD0065FA1D /* Libraries */ = {
			isa = PBXGroup;
			children = (
				24E3207914CC14B900DA6589 /* libaudiofile.a */,
			);
			name = Libraries;
			sourceTree = "<group>";
		};
		24CFD07C14B37373005AF479 /* Frameworks */ = {
			isa = PBXGroup;
			children = (
				24CFD07A14B3736A005AF479 /* Carbon.framework */,
			);
			name = Frameworks;
			sourceTree = "<group>";
		};
		24ED067C15D3C834007CDA69 /* Test */ = {
			isa = PBXGroup;
			children = (
				24DB478215F640F50009F6F2 /* AnalysisClipping.c */,
				24DB478315F640F50009F6F2 /* AnalysisClipping.h */,
				24DB478415F640F50009F6F2 /* AnalysisDistortion.c */,
				24DB478515F640F50009F6F2 /* AnalysisDistortion.h */,
				24DB478815F640F50009F6F2 /* AnalysisSilence.c */,
				24DB478915F640F50009F6F2 /* AnalysisSilence.h */,
				24DB478F15F641730009F6F2 /* AnalyzeFile.c */,
				24DB479015F641730009F6F2 /* AnalyzeFile.h */,
				1AA10ED6C7E7B8CFF8A48159 /* ApplicationRunner.c */,
				1AA104785CFF2916EDE09588 /* ApplicationRunner.h */,
				246DEFE9160A51DB001E2BF8 /* ApplicationTestSuite.c */,
				24EDB00715F46F0F00B0B8DF /* AudioClockTest.c */,
				24EDB00815F46F0F00B0B8DF /* AudioSettingsTest.c */,
				24EDB00915F46F0F00B0B8DF /* CharStringTest.c */,
				246DEFEA160A51DB001E2BF8 /* InternalTestSuite.c */,
				24EDB00A15F46F0F00B0B8DF /* LinkedListTest.c */,
				246DEFEB160A51DB001E2BF8 /* main.c */,
				246DEFEC160A51DB001E2BF8 /* main.h */,
				24EDB00B15F46F0F00B0B8DF /* MidiSequenceTest.c */,
				24EDB00C15F46F0F00B0B8DF /* MidiSourceFileTest.c */,
				24EDB00D15F46F0F00B0B8DF /* MidiSourceTest.c */,
				24EDB00F15F46F0F00B0B8DF /* PlatformUtilitiesTest.c */,
				24EDB01015F46F0F00B0B8DF /* PluginChainTest.c */,
				24EDB01115F46F0F00B0B8DF /* PluginPresetFxpTest.c */,
				24EDB01215F46F0F00B0B8DF /* PluginPresetTest.c */,
				24EDB01315F46F0F00B0B8DF /* PluginTest.c */,
				24EDB01415F46F0F00B0B8DF /* ProgramOptionTest.c */,
				24EDB01515F46F0F00B0B8DF /* SampleBufferTest.c */,
				24EDB01A15F46F0F00B0B8DF /* SampleSourceTest.c */,
				24EDB01C15F46F0F00B0B8DF /* StringUtilitiesTest.c */,
				24EDB01D15F46F0F00B0B8DF /* TaskTimerTest.c */,
				24D59404160A5DC200B4B685 /* TestRunner.c */,
				24EDB01E15F46F0F00B0B8DF /* TestRunner.h */,
			);
			name = Test;
			path = ../../test;
			sourceTree = "<group>";
		};
		24EDB06B15F5E7B500B0B8DF /* Main */ = {
			isa = PBXGroup;
			children = (
				24EDB06C15F5E7C800B0B8DF /* main.c */,
			);
			name = Main;
			sourceTree = "<group>";
		};
		24FDFB9F148CC6AF0074D3A1 = {
			isa = PBXGroup;
			children = (
				24CFD07C14B37373005AF479 /* Frameworks */,
				24667E1014CAD1FD0065FA1D /* Libraries */,
				24EDB06B15F5E7B500B0B8DF /* Main */,
				24FDFBAB148CC6AF0074D3A1 /* Products */,
				24FDFBAD148CC6AF0074D3A1 /* Source */,
				24ED067C15D3C834007CDA69 /* Test */,
				2465A2CB14B3145F00F94E84 /* Vendor */,
			);
			sourceTree = "<group>";
		};
		24FDFBAB148CC6AF0074D3A1 /* Products */ = {
			isa = PBXGroup;
			children = (
				24EDB0BD15F6177C00B0B8DF /* libMrsWatson.a */,
				24EDB0E515F617EC00B0B8DF /* MrsWatson */,
				24EDB0F515F6182C00B0B8DF /* MrsWatsonTest */,
			);
			name = Products;
			sourceTree = "<group>";
		};
		24FDFBAD148CC6AF0074D3A1 /* Source */ = {
			isa = PBXGroup;
			children = (
				24EDAF8215F46EB400B0B8DF /* AudioClock.c */,
				24EDAF8315F46EB400B0B8DF /* AudioClock.h */,
				24EDAF8415F46EB400B0B8DF /* AudioSettings.c */,
				24EDAF8515F46EB400B0B8DF /* AudioSettings.h */,
				24EDAF8615F46EB400B0B8DF /* BuildInfo.c */,
				24EDAF8715F46EB400B0B8DF /* BuildInfo.h */,
				24EDAF8815F46EB400B0B8DF /* CharString.c */,
				24EDAF8915F46EB400B0B8DF /* CharString.h */,
				24F198AF160DCEED00CBFF9E /* ErrorReporter.c */,
				24F198B0160DCEED00CBFF9E /* ErrorReporter.h */,
				24EDAF8A15F46EB400B0B8DF /* EventLogger.c */,
				24EDAF8B15F46EB400B0B8DF /* EventLogger.h */,
				24F1985B160DA31F00CBFF9E /* FileUtilities.c */,
				24F1985C160DA31F00CBFF9E /* FileUtilities.h */,
				24EDAF8C15F46EB400B0B8DF /* LinkedList.c */,
				24EDAF8D15F46EB400B0B8DF /* LinkedList.h */,
				24EDAF9115F46EB400B0B8DF /* MidiEvent.c */,
				24EDAF9215F46EB400B0B8DF /* MidiEvent.h */,
				24EDAF9315F46EB400B0B8DF /* MidiSequence.c */,
				24EDAF9415F46EB400B0B8DF /* MidiSequence.h */,
				24EDAF9515F46EB400B0B8DF /* MidiSource.c */,
				24EDAF9615F46EB400B0B8DF /* MidiSource.h */,
				24EDAF9715F46EB400B0B8DF /* MidiSourceFile.c */,
				24EDAF9815F46EB400B0B8DF /* MidiSourceFile.h */,
				24EDAF9915F46EB400B0B8DF /* MrsWatson.c */,
				24EDAF9A15F46EB400B0B8DF /* MrsWatson.h */,
				24EDAF9B15F46EB400B0B8DF /* PlatformUtilities.c */,
				24EDAF9C15F46EB400B0B8DF /* PlatformUtilities.h */,
				24EDAF9D15F46EB400B0B8DF /* Plugin.c */,
				24EDAF9E15F46EB400B0B8DF /* Plugin.h */,
				24EDAF9F15F46EB400B0B8DF /* PluginChain.c */,
				24EDAFA015F46EB400B0B8DF /* PluginChain.h */,
				246DEFE4160A51B2001E2BF8 /* PluginPassthru.c */,
				246DEFE5160A51B2001E2BF8 /* PluginPassthru.h */,
				24EDAFA115F46EB400B0B8DF /* PluginPreset.c */,
				24EDAFA215F46EB400B0B8DF /* PluginPreset.h */,
				24EDAFA315F46EB400B0B8DF /* PluginPresetFxp.c */,
				24EDAFA415F46EB400B0B8DF /* PluginPresetFxp.h */,
				24EDAFA515F46EB400B0B8DF /* PluginVst2x.cpp */,
				24EDAFA615F46EB400B0B8DF /* PluginVst2x.h */,
				24EDAFA715F46EB400B0B8DF /* ProgramOption.c */,
				24EDAFA815F46EB400B0B8DF /* ProgramOption.h */,
				24EDAFA915F46EB400B0B8DF /* RiffFile.c */,
				24EDAFAA15F46EB400B0B8DF /* RiffFile.h */,
				24EDAFAB15F46EB400B0B8DF /* SampleBuffer.c */,
				24EDAFAC15F46EB400B0B8DF /* SampleBuffer.h */,
				24EDAFAD15F46EB400B0B8DF /* SampleSource.c */,
				24EDAFAE15F46EB400B0B8DF /* SampleSource.h */,
				24EDAFAF15F46EB400B0B8DF /* SampleSourceAiff.c */,
				24EDAFB015F46EB400B0B8DF /* SampleSourceAiff.h */,
				24EDAFB115F46EB400B0B8DF /* SampleSourceAudiofile.c */,
				24EDAFB215F46EB400B0B8DF /* SampleSourceAudiofile.h */,
				24EDAFB315F46EB400B0B8DF /* SampleSourceFlac.c */,
				24EDAFB415F46EB400B0B8DF /* SampleSourceFlac.h */,
				24EDAFB515F46EB400B0B8DF /* SampleSourceMp3.c */,
				24EDAFB615F46EB400B0B8DF /* SampleSourceMp3.h */,
				24EDAFB715F46EB400B0B8DF /* SampleSourceOgg.c */,
				24EDAFB815F46EB400B0B8DF /* SampleSourceOgg.h */,
				24EDAFB915F46EB400B0B8DF /* SampleSourcePcm.c */,
				24EDAFBA15F46EB400B0B8DF /* SampleSourcePcm.h */,
				24EDAFBB15F46EB400B0B8DF /* SampleSourceSilence.c */,
				24EDAFBC15F46EB400B0B8DF /* SampleSourceSilence.h */,
				24EDAFBD15F46EB400B0B8DF /* SampleSourceWave.c */,
				24EDAFBE15F46EB400B0B8DF /* SampleSourceWave.h */,
				24EDAFBF15F46EB400B0B8DF /* StringUtilities.c */,
				24EDAFC015F46EB400B0B8DF /* StringUtilities.h */,
				24EDAFC115F46EB400B0B8DF /* TaskTimer.c */,
				24EDAFC215F46EB400B0B8DF /* TaskTimer.h */,
				24EDAFC315F46EB400B0B8DF /* Types.h */,
				24EDAFC415F46EB400B0B8DF /* Vst2xHostCallback.cpp */,
			);
			name = Source;
			path = ../../source;
			sourceTree = SOURCE_ROOT;
		};
/* End PBXGroup section */

/* Begin PBXHeadersBuildPhase section */
		24EDB0BB15F6177C00B0B8DF /* Headers */ = {
			isa = PBXHeadersBuildPhase;
			buildActionMask = 2147483647;
			files = (
				246DEFE7160A51B2001E2BF8 /* PluginPassthru.h in Headers */,
				24F1985E160DA31F00CBFF9E /* FileUtilities.h in Headers */,
				24F198B2160DCEED00CBFF9E /* ErrorReporter.h in Headers */,
			);
			runOnlyForDeploymentPostprocessing = 0;
		};
/* End PBXHeadersBuildPhase section */

/* Begin PBXNativeTarget section */
		24EDB0BC15F6177C00B0B8DF /* libMrsWatson */ = {
			isa = PBXNativeTarget;
			buildConfigurationList = 24EDB0BE15F6177D00B0B8DF /* Build configuration list for PBXNativeTarget "libMrsWatson" */;
			buildPhases = (
				24EDB0B915F6177C00B0B8DF /* Sources */,
				24EDB0BA15F6177C00B0B8DF /* Frameworks */,
				24EDB0BB15F6177C00B0B8DF /* Headers */,
			);
			buildRules = (
			);
			dependencies = (
			);
			name = libMrsWatson;
			productName = libMrsWatson;
			productReference = 24EDB0BD15F6177C00B0B8DF /* libMrsWatson.a */;
			productType = "com.apple.product-type.library.static";
		};
		24EDB0E415F617EC00B0B8DF /* MrsWatson */ = {
			isa = PBXNativeTarget;
			buildConfigurationList = 24EDB0EC15F617EC00B0B8DF /* Build configuration list for PBXNativeTarget "MrsWatson" */;
			buildPhases = (
				24EDB0E115F617EC00B0B8DF /* Sources */,
				24EDB0E215F617EC00B0B8DF /* Frameworks */,
				24EDB0E315F617EC00B0B8DF /* CopyFiles */,
			);
			buildRules = (
			);
			dependencies = (
				24EDB0F015F617F300B0B8DF /* PBXTargetDependency */,
			);
			name = MrsWatson;
			productName = MrsWatson;
			productReference = 24EDB0E515F617EC00B0B8DF /* MrsWatson */;
			productType = "com.apple.product-type.tool";
		};
		24EDB0F415F6182C00B0B8DF /* MrsWatsonTest */ = {
			isa = PBXNativeTarget;
			buildConfigurationList = 24EDB0FC15F6182C00B0B8DF /* Build configuration list for PBXNativeTarget "MrsWatsonTest" */;
			buildPhases = (
				24EDB0F115F6182C00B0B8DF /* Sources */,
				24EDB0F215F6182C00B0B8DF /* Frameworks */,
				24EDB0F315F6182C00B0B8DF /* CopyFiles */,
			);
			buildRules = (
			);
			dependencies = (
				24EDB10015F6184000B0B8DF /* PBXTargetDependency */,
			);
			name = MrsWatsonTest;
			productName = MrsWatsonTest;
			productReference = 24EDB0F515F6182C00B0B8DF /* MrsWatsonTest */;
			productType = "com.apple.product-type.tool";
		};
/* End PBXNativeTarget section */

/* Begin PBXProject section */
		24FDFBA1148CC6AF0074D3A1 /* Project object */ = {
			isa = PBXProject;
			attributes = {
				LastUpgradeCheck = 0450;
				ORGANIZATIONNAME = "Teragon Audio";
			};
			buildConfigurationList = 24FDFBA4148CC6AF0074D3A1 /* Build configuration list for PBXProject "MrsWatson" */;
			compatibilityVersion = "Xcode 3.2";
			developmentRegion = English;
			hasScannedForEncodings = 0;
			knownRegions = (
				en,
			);
			mainGroup = 24FDFB9F148CC6AF0074D3A1;
			productRefGroup = 24FDFBAB148CC6AF0074D3A1 /* Products */;
			projectDirPath = "";
			projectRoot = "";
			targets = (
				24EDB0E415F617EC00B0B8DF /* MrsWatson */,
				24EDB0F415F6182C00B0B8DF /* MrsWatsonTest */,
				24EDB0BC15F6177C00B0B8DF /* libMrsWatson */,
			);
		};
/* End PBXProject section */

/* Begin PBXSourcesBuildPhase section */
		24EDB0B915F6177C00B0B8DF /* Sources */ = {
			isa = PBXSourcesBuildPhase;
			buildActionMask = 2147483647;
			files = (
				24EDB0C115F617DD00B0B8DF /* AudioClock.c in Sources */,
				24EDB0C215F617DD00B0B8DF /* AudioSettings.c in Sources */,
				24EDB0C315F617DD00B0B8DF /* BuildInfo.c in Sources */,
				24EDB0C415F617DD00B0B8DF /* CharString.c in Sources */,
				24EDB0C515F617DD00B0B8DF /* EventLogger.c in Sources */,
				24EDB0C615F617DD00B0B8DF /* LinkedList.c in Sources */,
				24EDB0C715F617DD00B0B8DF /* MidiEvent.c in Sources */,
				24EDB0C815F617DD00B0B8DF /* MidiSequence.c in Sources */,
				24EDB0C915F617DD00B0B8DF /* MidiSource.c in Sources */,
				24EDB0CA15F617DD00B0B8DF /* MidiSourceFile.c in Sources */,
				24EDB0CB15F617DD00B0B8DF /* MrsWatson.c in Sources */,
				24EDB0CC15F617DD00B0B8DF /* PlatformUtilities.c in Sources */,
				24EDB0CD15F617DD00B0B8DF /* Plugin.c in Sources */,
				24EDB0CE15F617DD00B0B8DF /* PluginChain.c in Sources */,
				24EDB0CF15F617DD00B0B8DF /* PluginPreset.c in Sources */,
				24EDB0D015F617DD00B0B8DF /* PluginPresetFxp.c in Sources */,
				24EDB0D115F617DD00B0B8DF /* PluginVst2x.cpp in Sources */,
				24EDB0D215F617DD00B0B8DF /* ProgramOption.c in Sources */,
				24EDB0D315F617DD00B0B8DF /* RiffFile.c in Sources */,
				24EDB0D415F617DD00B0B8DF /* SampleBuffer.c in Sources */,
				24EDB0D515F617DD00B0B8DF /* SampleSource.c in Sources */,
				24EDB0D615F617DD00B0B8DF /* SampleSourceAiff.c in Sources */,
				24EDB0D715F617DD00B0B8DF /* SampleSourceAudiofile.c in Sources */,
				24EDB0D815F617DD00B0B8DF /* SampleSourceFlac.c in Sources */,
				24EDB0D915F617DD00B0B8DF /* SampleSourceMp3.c in Sources */,
				24EDB0DA15F617DD00B0B8DF /* SampleSourceOgg.c in Sources */,
				24EDB0DB15F617DD00B0B8DF /* SampleSourcePcm.c in Sources */,
				24EDB0DC15F617DD00B0B8DF /* SampleSourceSilence.c in Sources */,
				24EDB0DD15F617DD00B0B8DF /* SampleSourceWave.c in Sources */,
				24EDB0DE15F617DD00B0B8DF /* StringUtilities.c in Sources */,
				24EDB0DF15F617DD00B0B8DF /* TaskTimer.c in Sources */,
				24EDB0E015F617DD00B0B8DF /* Vst2xHostCallback.cpp in Sources */,
				246DEFE6160A51B2001E2BF8 /* PluginPassthru.c in Sources */,
				24F1985D160DA31F00CBFF9E /* FileUtilities.c in Sources */,
				24F198B1160DCEED00CBFF9E /* ErrorReporter.c in Sources */,
			);
			runOnlyForDeploymentPostprocessing = 0;
		};
		24EDB0E115F617EC00B0B8DF /* Sources */ = {
			isa = PBXSourcesBuildPhase;
			buildActionMask = 2147483647;
			files = (
				24EDB11315F6186800B0B8DF /* main.c in Sources */,
			);
			runOnlyForDeploymentPostprocessing = 0;
		};
		24EDB0F115F6182C00B0B8DF /* Sources */ = {
			isa = PBXSourcesBuildPhase;
			buildActionMask = 2147483647;
			files = (
				24EDB11B15F618C800B0B8DF /* SampleSourceTest.c in Sources */,
				24EDB11D15F618C800B0B8DF /* StringUtilitiesTest.c in Sources */,
				24EDB11E15F618C800B0B8DF /* TaskTimerTest.c in Sources */,
				24EDB10115F6185900B0B8DF /* ApplicationRunner.c in Sources */,
				24EDB10215F6185900B0B8DF /* AudioClockTest.c in Sources */,
				24EDB10315F6185900B0B8DF /* AudioSettingsTest.c in Sources */,
				24EDB10415F6185900B0B8DF /* CharStringTest.c in Sources */,
				24EDB10515F6185900B0B8DF /* LinkedListTest.c in Sources */,
				24EDB10615F6185900B0B8DF /* MidiSequenceTest.c in Sources */,
				24EDB10715F6185900B0B8DF /* MidiSourceFileTest.c in Sources */,
				24EDB10815F6185900B0B8DF /* MidiSourceTest.c in Sources */,
				24EDB10A15F6185900B0B8DF /* PlatformUtilitiesTest.c in Sources */,
				24EDB10B15F6185900B0B8DF /* PluginChainTest.c in Sources */,
				24EDB10C15F6185900B0B8DF /* PluginPresetFxpTest.c in Sources */,
				24EDB10D15F6185900B0B8DF /* PluginPresetTest.c in Sources */,
				24EDB10E15F6185900B0B8DF /* PluginTest.c in Sources */,
				24EDB10F15F6185900B0B8DF /* ProgramOptionTest.c in Sources */,
				24EDB11015F6185900B0B8DF /* SampleBufferTest.c in Sources */,
				24DB478A15F640F50009F6F2 /* AnalysisClipping.c in Sources */,
				24DB478B15F640F50009F6F2 /* AnalysisDistortion.c in Sources */,
				24DB478D15F640F50009F6F2 /* AnalysisSilence.c in Sources */,
				24DB479115F641730009F6F2 /* AnalyzeFile.c in Sources */,
				246DEFED160A51DB001E2BF8 /* ApplicationTestSuite.c in Sources */,
				246DEFEE160A51DB001E2BF8 /* InternalTestSuite.c in Sources */,
				246DEFEF160A51DB001E2BF8 /* main.c in Sources */,
				24D59405160A5DC200B4B685 /* TestRunner.c in Sources */,
			);
			runOnlyForDeploymentPostprocessing = 0;
		};
/* End PBXSourcesBuildPhase section */

/* Begin PBXTargetDependency section */
		24EDB0F015F617F300B0B8DF /* PBXTargetDependency */ = {
			isa = PBXTargetDependency;
			target = 24EDB0BC15F6177C00B0B8DF /* libMrsWatson */;
			targetProxy = 24EDB0EF15F617F300B0B8DF /* PBXContainerItemProxy */;
		};
		24EDB10015F6184000B0B8DF /* PBXTargetDependency */ = {
			isa = PBXTargetDependency;
			target = 24EDB0BC15F6177C00B0B8DF /* libMrsWatson */;
			targetProxy = 24EDB0FF15F6184000B0B8DF /* PBXContainerItemProxy */;
		};
/* End PBXTargetDependency section */

/* Begin XCBuildConfiguration section */
		24EDB0BF15F6177D00B0B8DF /* Debug */ = {
			isa = XCBuildConfiguration;
			buildSettings = {
				CLANG_CXX_LANGUAGE_STANDARD = "gnu++0x";
				CLANG_WARN__DUPLICATE_METHOD_MATCH = YES;
				COMBINE_HIDPI_IMAGES = YES;
				EXECUTABLE_PREFIX = "";
				GCC_PREPROCESSOR_DEFINITIONS = (
					"DEBUG=1",
					"$(inherited)",
				);
				GCC_VERSION = com.apple.compilers.llvm.clang.1_0;
				PRODUCT_NAME = "$(TARGET_NAME)";
			};
			name = Debug;
		};
		24EDB0C015F6177D00B0B8DF /* Release */ = {
			isa = XCBuildConfiguration;
			buildSettings = {
				CLANG_CXX_LANGUAGE_STANDARD = "gnu++0x";
				CLANG_WARN__DUPLICATE_METHOD_MATCH = YES;
				COMBINE_HIDPI_IMAGES = YES;
				EXECUTABLE_PREFIX = "";
				GCC_VERSION = com.apple.compilers.llvm.clang.1_0;
				PRODUCT_NAME = "$(TARGET_NAME)";
			};
			name = Release;
		};
		24EDB0ED15F617EC00B0B8DF /* Debug */ = {
			isa = XCBuildConfiguration;
			buildSettings = {
				CLANG_CXX_LANGUAGE_STANDARD = "gnu++0x";
				CLANG_WARN__DUPLICATE_METHOD_MATCH = YES;
				GCC_PREPROCESSOR_DEFINITIONS = (
					"DEBUG=1",
					"$(inherited)",
				);
				GCC_VERSION = com.apple.compilers.llvm.clang.1_0;
				PRODUCT_NAME = "$(TARGET_NAME)";
			};
			name = Debug;
		};
		24EDB0EE15F617EC00B0B8DF /* Release */ = {
			isa = XCBuildConfiguration;
			buildSettings = {
				CLANG_CXX_LANGUAGE_STANDARD = "gnu++0x";
				CLANG_WARN__DUPLICATE_METHOD_MATCH = YES;
				GCC_VERSION = com.apple.compilers.llvm.clang.1_0;
				PRODUCT_NAME = "$(TARGET_NAME)";
			};
			name = Release;
		};
		24EDB0FD15F6182C00B0B8DF /* Debug */ = {
			isa = XCBuildConfiguration;
			buildSettings = {
				CLANG_CXX_LANGUAGE_STANDARD = "gnu++0x";
				CLANG_WARN__DUPLICATE_METHOD_MATCH = YES;
				GCC_PREPROCESSOR_DEFINITIONS = (
					"DEBUG=1",
					"$(inherited)",
				);
				GCC_VERSION = com.apple.compilers.llvm.clang.1_0;
				PRODUCT_NAME = "$(TARGET_NAME)";
			};
			name = Debug;
		};
		24EDB0FE15F6182C00B0B8DF /* Release */ = {
			isa = XCBuildConfiguration;
			buildSettings = {
				CLANG_CXX_LANGUAGE_STANDARD = "gnu++0x";
				CLANG_WARN__DUPLICATE_METHOD_MATCH = YES;
				GCC_VERSION = com.apple.compilers.llvm.clang.1_0;
				PRODUCT_NAME = "$(TARGET_NAME)";
			};
			name = Release;
		};
		24FDFBB2148CC6AF0074D3A1 /* Debug */ = {
			isa = XCBuildConfiguration;
			buildSettings = {
				ALWAYS_SEARCH_USER_PATHS = NO;
				ARCHS = "$(ARCHS_STANDARD_32_BIT)";
				COPY_PHASE_STRIP = NO;
				GCC_C_LANGUAGE_STANDARD = gnu99;
				GCC_DYNAMIC_NO_PIC = NO;
				GCC_ENABLE_OBJC_EXCEPTIONS = YES;
				GCC_INPUT_FILETYPE = automatic;
				GCC_OPTIMIZATION_LEVEL = 0;
				GCC_PREPROCESSOR_DEFINITIONS = (
					"MACOSX=1",
					"DEBUG=1",
					"$(inherited)",
				);
				GCC_SYMBOLS_PRIVATE_EXTERN = NO;
				GCC_VERSION = com.apple.compilers.llvmgcc42;
				GCC_WARN_64_TO_32_BIT_CONVERSION = YES;
				GCC_WARN_ABOUT_MISSING_PROTOTYPES = YES;
				GCC_WARN_ABOUT_RETURN_TYPE = YES;
				GCC_WARN_UNUSED_VARIABLE = YES;
				HEADER_SEARCH_PATHS = ../../vendor/audiofile/libaudiofile;
				LIBRARY_SEARCH_PATHS = ../../vendor/libs;
				MACOSX_DEPLOYMENT_TARGET = 10.4;
				ONLY_ACTIVE_ARCH = NO;
				SDKROOT = "";
			};
			name = Debug;
		};
		24FDFBB3148CC6AF0074D3A1 /* Release */ = {
			isa = XCBuildConfiguration;
			buildSettings = {
				ALWAYS_SEARCH_USER_PATHS = NO;
				ARCHS = "$(ARCHS_STANDARD_32_BIT)";
				COPY_PHASE_STRIP = YES;
				DEBUG_INFORMATION_FORMAT = "dwarf-with-dsym";
				GCC_C_LANGUAGE_STANDARD = gnu99;
				GCC_ENABLE_OBJC_EXCEPTIONS = YES;
				GCC_INPUT_FILETYPE = automatic;
				GCC_OPTIMIZATION_LEVEL = 3;
				GCC_PREPROCESSOR_DEFINITIONS = "MACOSX=1";
				GCC_VERSION = com.apple.compilers.llvmgcc42;
				GCC_WARN_64_TO_32_BIT_CONVERSION = YES;
				GCC_WARN_ABOUT_MISSING_PROTOTYPES = YES;
				GCC_WARN_ABOUT_RETURN_TYPE = YES;
				GCC_WARN_UNUSED_VARIABLE = YES;
				HEADER_SEARCH_PATHS = ../../vendor/audiofile/libaudiofile;
				LIBRARY_SEARCH_PATHS = ../../vendor/libs;
				MACOSX_DEPLOYMENT_TARGET = 10.4;
				ONLY_ACTIVE_ARCH = NO;
				SDKROOT = "";
			};
			name = Release;
		};
/* End XCBuildConfiguration section */

/* Begin XCConfigurationList section */
		24EDB0BE15F6177D00B0B8DF /* Build configuration list for PBXNativeTarget "libMrsWatson" */ = {
			isa = XCConfigurationList;
			buildConfigurations = (
				24EDB0BF15F6177D00B0B8DF /* Debug */,
				24EDB0C015F6177D00B0B8DF /* Release */,
			);
			defaultConfigurationIsVisible = 0;
			defaultConfigurationName = Release;
		};
		24EDB0EC15F617EC00B0B8DF /* Build configuration list for PBXNativeTarget "MrsWatson" */ = {
			isa = XCConfigurationList;
			buildConfigurations = (
				24EDB0ED15F617EC00B0B8DF /* Debug */,
				24EDB0EE15F617EC00B0B8DF /* Release */,
			);
			defaultConfigurationIsVisible = 0;
			defaultConfigurationName = Release;
		};
		24EDB0FC15F6182C00B0B8DF /* Build configuration list for PBXNativeTarget "MrsWatsonTest" */ = {
			isa = XCConfigurationList;
			buildConfigurations = (
				24EDB0FD15F6182C00B0B8DF /* Debug */,
				24EDB0FE15F6182C00B0B8DF /* Release */,
			);
			defaultConfigurationIsVisible = 0;
			defaultConfigurationName = Release;
		};
		24FDFBA4148CC6AF0074D3A1 /* Build configuration list for PBXProject "MrsWatson" */ = {
			isa = XCConfigurationList;
			buildConfigurations = (
				24FDFBB2148CC6AF0074D3A1 /* Debug */,
				24FDFBB3148CC6AF0074D3A1 /* Release */,
			);
			defaultConfigurationIsVisible = 0;
			defaultConfigurationName = Release;
		};
/* End XCConfigurationList section */
	};
	rootObject = 24FDFBA1148CC6AF0074D3A1 /* Project object */;
}
